
Microsoft Visual Studio Solution File, Format Version 12.00
# Visual Studio Version 17
VisualStudioVersion = 17.11.35303.130
MinimumVisualStudioVersion = 10.0.40219.1
Project("{FAE04EC0-301F-11D3-BF4B-00C04F79EFBC}") = "OnlineShopConsoleModel", "OnlineShopConsoleModel\OnlineShopConsoleModel.csproj", "{CCD3D8EC-A673-4376-B966-B4067DB88802}"
EndProject
Global
	GlobalSection(SolutionConfigurationPlatforms) = preSolution
		Debug|Any CPU = Debug|Any CPU
		Release|Any CPU = Release|Any CPU
	EndGlobalSection
	GlobalSection(ProjectConfigurationPlatforms) = postSolution
		{CCD3D8EC-A673-4376-B966-B4067DB88802}.Debug|Any CPU.ActiveCfg = Debug|Any CPU
		{CCD3D8EC-A673-4376-B966-B4067DB88802}.Debug|Any CPU.Build.0 = Debug|Any CPU
		{CCD3D8EC-A673-4376-B966-B4067DB88802}.Release|Any CPU.ActiveCfg = Release|Any CPU
		{CCD3D8EC-A673-4376-B966-B4067DB88802}.Release|Any CPU.Build.0 = Release|Any CPU
	EndGlobalSection
	GlobalSection(SolutionProperties) = preSolution
		HideSolutionNode = FALSE
	EndGlobalSection
	GlobalSection(ExtensibilityGlobals) = postSolution
		SolutionGuid = {3E80B53C-ABB0-4E0E-BDB8-0CC15F28396C}
	EndGlobalSection
EndGlobal
